
Microsoft Visual Studio Solution File, Format Version 12.00
# Visual Studio Version 17
VisualStudioVersion = 17.10.34916.146
MinimumVisualStudioVersion = 10.0.40219.1
Project("{2150E333-8FDC-42A3-9474-1A3956D46DE8}") = "src", "src", "{FF463D88-8FE1-4FB1-BBCF-4FFAE9A3EE68}"
EndProject
Project("{2150E333-8FDC-42A3-9474-1A3956D46DE8}") = "Shared", "Shared", "{A9C27F89-00E5-415E-8910-B81EB0273B11}"
EndProject
Project("{FAE04EC0-301F-11D3-BF4B-00C04F79EFBC}") = "PackIt.Shared", "PackIt.Shared\PackIt.Shared.csproj", "{2C91432C-63E5-4F6A-9FF1-CE079E828EC8}"
EndProject
Project("{FAE04EC0-301F-11D3-BF4B-00C04F79EFBC}") = "PackIt.Shared.Abstractions", "PackIt.Shared.Abstractions\PackIt.Shared.Abstractions.csproj", "{159D67BE-C9EC-4A02-B449-3D2342E1993B}"
EndProject
Project("{2150E333-8FDC-42A3-9474-1A3956D46DE8}") = "tests", "tests", "{1DA0C66A-48AD-441A-9566-D5A4C70D116A}"
EndProject
Project("{FAE04EC0-301F-11D3-BF4B-00C04F79EFBC}") = "PackIt.Domain", "PackIt.Domain\PackIt.Domain.csproj", "{00A75299-2B67-4A63-8B71-0E6D3DD67D56}"
EndProject
Project("{FAE04EC0-301F-11D3-BF4B-00C04F79EFBC}") = "PackIt.Application", "PackIt.Application\PackIt.Application.csproj", "{2C3E13C3-A8D7-4FF5-9812-D48548D1BC06}"
EndProject
Project("{FAE04EC0-301F-11D3-BF4B-00C04F79EFBC}") = "PackIt.Infrastructure", "PackIt.Infrastructure\PackIt.Infrastructure.csproj", "{608F4522-C272-4358-A2BF-986639AAE969}"
EndProject
Global
	GlobalSection(SolutionConfigurationPlatforms) = preSolution
		Debug|Any CPU = Debug|Any CPU
		Release|Any CPU = Release|Any CPU
	EndGlobalSection
	GlobalSection(ProjectConfigurationPlatforms) = postSolution
		{2C91432C-63E5-4F6A-9FF1-CE079E828EC8}.Debug|Any CPU.ActiveCfg = Debug|Any CPU
		{2C91432C-63E5-4F6A-9FF1-CE079E828EC8}.Debug|Any CPU.Build.0 = Debug|Any CPU
		{2C91432C-63E5-4F6A-9FF1-CE079E828EC8}.Release|Any CPU.ActiveCfg = Release|Any CPU
		{2C91432C-63E5-4F6A-9FF1-CE079E828EC8}.Release|Any CPU.Build.0 = Release|Any CPU
		{159D67BE-C9EC-4A02-B449-3D2342E1993B}.Debug|Any CPU.ActiveCfg = Debug|Any CPU
		{159D67BE-C9EC-4A02-B449-3D2342E1993B}.Debug|Any CPU.Build.0 = Debug|Any CPU
		{159D67BE-C9EC-4A02-B449-3D2342E1993B}.Release|Any CPU.ActiveCfg = Release|Any CPU
		{159D67BE-C9EC-4A02-B449-3D2342E1993B}.Release|Any CPU.Build.0 = Release|Any CPU
		{00A75299-2B67-4A63-8B71-0E6D3DD67D56}.Debug|Any CPU.ActiveCfg = Debug|Any CPU
		{00A75299-2B67-4A63-8B71-0E6D3DD67D56}.Debug|Any CPU.Build.0 = Debug|Any CPU
		{00A75299-2B67-4A63-8B71-0E6D3DD67D56}.Release|Any CPU.ActiveCfg = Release|Any CPU
		{00A75299-2B67-4A63-8B71-0E6D3DD67D56}.Release|Any CPU.Build.0 = Release|Any CPU
		{2C3E13C3-A8D7-4FF5-9812-D48548D1BC06}.Debug|Any CPU.ActiveCfg = Debug|Any CPU
		{2C3E13C3-A8D7-4FF5-9812-D48548D1BC06}.Debug|Any CPU.Build.0 = Debug|Any CPU
		{2C3E13C3-A8D7-4FF5-9812-D48548D1BC06}.Release|Any CPU.ActiveCfg = Release|Any CPU
		{2C3E13C3-A8D7-4FF5-9812-D48548D1BC06}.Release|Any CPU.Build.0 = Release|Any CPU
		{608F4522-C272-4358-A2BF-986639AAE969}.Debug|Any CPU.ActiveCfg = Debug|Any CPU
		{608F4522-C272-4358-A2BF-986639AAE969}.Debug|Any CPU.Build.0 = Debug|Any CPU
		{608F4522-C272-4358-A2BF-986639AAE969}.Release|Any CPU.ActiveCfg = Release|Any CPU
		{608F4522-C272-4358-A2BF-986639AAE969}.Release|Any CPU.Build.0 = Release|Any CPU
	EndGlobalSection
	GlobalSection(SolutionProperties) = preSolution
		HideSolutionNode = FALSE
	EndGlobalSection
	GlobalSection(NestedProjects) = preSolution
		{A9C27F89-00E5-415E-8910-B81EB0273B11} = {FF463D88-8FE1-4FB1-BBCF-4FFAE9A3EE68}
		{2C91432C-63E5-4F6A-9FF1-CE079E828EC8} = {A9C27F89-00E5-415E-8910-B81EB0273B11}
		{159D67BE-C9EC-4A02-B449-3D2342E1993B} = {A9C27F89-00E5-415E-8910-B81EB0273B11}
		{00A75299-2B67-4A63-8B71-0E6D3DD67D56} = {FF463D88-8FE1-4FB1-BBCF-4FFAE9A3EE68}
		{2C3E13C3-A8D7-4FF5-9812-D48548D1BC06} = {FF463D88-8FE1-4FB1-BBCF-4FFAE9A3EE68}
		{608F4522-C272-4358-A2BF-986639AAE969} = {FF463D88-8FE1-4FB1-BBCF-4FFAE9A3EE68}
	EndGlobalSection
	GlobalSection(ExtensibilityGlobals) = postSolution
		SolutionGuid = {BF08F415-4343-4610-927E-5A60A4CF4DCE}
	EndGlobalSection
EndGlobal
